
Microsoft Visual Studio Solution File, Format Version 12.00
# Visual Studio Version 17
VisualStudioVersion = 17.0.32014.148
MinimumVisualStudioVersion = 10.0.40219.1
Project("{9A19103F-16F7-4668-BE54-9A1E7A4F7556}") = "RadioMeti.Site", "RadioMeti.Site\RadioMeti.Site.csproj", "{3CA6AEE2-5164-42B7-BA27-EC9567F8D1C2}"
EndProject
Project("{2150E333-8FDC-42A3-9474-1A3956D46DE8}") = "Doc", "Doc", "{E28D936B-7519-44E5-BBA2-2A667D0F3C15}"
EndProject
Project("{2150E333-8FDC-42A3-9474-1A3956D46DE8}") = "Test", "Test", "{EEBCA706-8AC0-46EC-A5A6-18523009AC6A}"
EndProject
Project("{2150E333-8FDC-42A3-9474-1A3956D46DE8}") = "Src", "Src", "{FFC36AE2-DE56-4B9D-972F-A2C84DB11C35}"
EndProject
Project("{2150E333-8FDC-42A3-9474-1A3956D46DE8}") = "Common", "Common", "{985FD97B-21D7-4491-94DF-D8B9C705D6FE}"
EndProject
Project("{2150E333-8FDC-42A3-9474-1A3956D46DE8}") = "Core", "Core", "{452CAE47-CD1D-4F0C-B0AB-703D5B7EBF77}"
EndProject
Project("{2150E333-8FDC-42A3-9474-1A3956D46DE8}") = "Infrastructure", "Infrastructure", "{2BED0223-63CD-4226-8581-D334F9EEC0AD}"
EndProject
Project("{2150E333-8FDC-42A3-9474-1A3956D46DE8}") = "Persentation", "Persentation", "{7EEB3045-A88A-43B1-9F8E-696662B1798B}"
EndProject
Project("{9A19103F-16F7-4668-BE54-9A1E7A4F7556}") = "RadioMeti.Domain", "RadioMeti.Domain\RadioMeti.Domain.csproj", "{CB58F991-CAC6-4C82-8529-ECA8D9280CED}"
EndProject
Project("{9A19103F-16F7-4668-BE54-9A1E7A4F7556}") = "RadioMeti.Application", "RadioMeti.Application\RadioMeti.Application.csproj", "{D45BDA9B-816F-45F5-A30E-EDB5C0A8B2F2}"
EndProject
Project("{9A19103F-16F7-4668-BE54-9A1E7A4F7556}") = "RadioMeti.Common", "RadioMeti.Common\RadioMeti.Common.csproj", "{FA0DF43B-F34B-4680-B65B-2B4FD6494CFF}"
EndProject
Project("{9A19103F-16F7-4668-BE54-9A1E7A4F7556}") = "RadioMeti.Infrastructure", "RadioMeti.Infrastructure\RadioMeti.Infrastructure.csproj", "{86C9EFFD-5C59-43B7-8C91-DD488EE6EA3E}"
EndProject
Project("{9A19103F-16F7-4668-BE54-9A1E7A4F7556}") = "RadioMeti.Persistance", "RadioMeti.Persistance\RadioMeti.Persistance.csproj", "{FE4D3AEA-D447-4E0F-906C-19D25BF34005}"
EndProject
Project("{9A19103F-16F7-4668-BE54-9A1E7A4F7556}") = "RadioMeti.UnitTest", "RadioMeti.UnitTest\RadioMeti.UnitTest.csproj", "{33A3A5F5-6172-4EB0-84E3-DB4C3EE64A86}"
EndProject
Global
	GlobalSection(SolutionConfigurationPlatforms) = preSolution
		Debug|Any CPU = Debug|Any CPU
		Release|Any CPU = Release|Any CPU
	EndGlobalSection
	GlobalSection(ProjectConfigurationPlatforms) = postSolution
		{3CA6AEE2-5164-42B7-BA27-EC9567F8D1C2}.Debug|Any CPU.ActiveCfg = Debug|Any CPU
		{3CA6AEE2-5164-42B7-BA27-EC9567F8D1C2}.Debug|Any CPU.Build.0 = Debug|Any CPU
		{3CA6AEE2-5164-42B7-BA27-EC9567F8D1C2}.Release|Any CPU.ActiveCfg = Release|Any CPU
		{3CA6AEE2-5164-42B7-BA27-EC9567F8D1C2}.Release|Any CPU.Build.0 = Release|Any CPU
		{CB58F991-CAC6-4C82-8529-ECA8D9280CED}.Debug|Any CPU.ActiveCfg = Debug|Any CPU
		{CB58F991-CAC6-4C82-8529-ECA8D9280CED}.Debug|Any CPU.Build.0 = Debug|Any CPU
		{CB58F991-CAC6-4C82-8529-ECA8D9280CED}.Release|Any CPU.ActiveCfg = Release|Any CPU
		{CB58F991-CAC6-4C82-8529-ECA8D9280CED}.Release|Any CPU.Build.0 = Release|Any CPU
		{D45BDA9B-816F-45F5-A30E-EDB5C0A8B2F2}.Debug|Any CPU.ActiveCfg = Debug|Any CPU
		{D45BDA9B-816F-45F5-A30E-EDB5C0A8B2F2}.Debug|Any CPU.Build.0 = Debug|Any CPU
		{D45BDA9B-816F-45F5-A30E-EDB5C0A8B2F2}.Release|Any CPU.ActiveCfg = Release|Any CPU
		{D45BDA9B-816F-45F5-A30E-EDB5C0A8B2F2}.Release|Any CPU.Build.0 = Release|Any CPU
		{FA0DF43B-F34B-4680-B65B-2B4FD6494CFF}.Debug|Any CPU.ActiveCfg = Debug|Any CPU
		{FA0DF43B-F34B-4680-B65B-2B4FD6494CFF}.Debug|Any CPU.Build.0 = Debug|Any CPU
		{FA0DF43B-F34B-4680-B65B-2B4FD6494CFF}.Release|Any CPU.ActiveCfg = Release|Any CPU
		{FA0DF43B-F34B-4680-B65B-2B4FD6494CFF}.Release|Any CPU.Build.0 = Release|Any CPU
		{86C9EFFD-5C59-43B7-8C91-DD488EE6EA3E}.Debug|Any CPU.ActiveCfg = Debug|Any CPU
		{86C9EFFD-5C59-43B7-8C91-DD488EE6EA3E}.Debug|Any CPU.Build.0 = Debug|Any CPU
		{86C9EFFD-5C59-43B7-8C91-DD488EE6EA3E}.Release|Any CPU.ActiveCfg = Release|Any CPU
		{86C9EFFD-5C59-43B7-8C91-DD488EE6EA3E}.Release|Any CPU.Build.0 = Release|Any CPU
		{FE4D3AEA-D447-4E0F-906C-19D25BF34005}.Debug|Any CPU.ActiveCfg = Debug|Any CPU
		{FE4D3AEA-D447-4E0F-906C-19D25BF34005}.Debug|Any CPU.Build.0 = Debug|Any CPU
		{FE4D3AEA-D447-4E0F-906C-19D25BF34005}.Release|Any CPU.ActiveCfg = Release|Any CPU
		{FE4D3AEA-D447-4E0F-906C-19D25BF34005}.Release|Any CPU.Build.0 = Release|Any CPU
		{33A3A5F5-6172-4EB0-84E3-DB4C3EE64A86}.Debug|Any CPU.ActiveCfg = Debug|Any CPU
		{33A3A5F5-6172-4EB0-84E3-DB4C3EE64A86}.Debug|Any CPU.Build.0 = Debug|Any CPU
		{33A3A5F5-6172-4EB0-84E3-DB4C3EE64A86}.Release|Any CPU.ActiveCfg = Release|Any CPU
		{33A3A5F5-6172-4EB0-84E3-DB4C3EE64A86}.Release|Any CPU.Build.0 = Release|Any CPU
	EndGlobalSection
	GlobalSection(SolutionProperties) = preSolution
		HideSolutionNode = FALSE
	EndGlobalSection
	GlobalSection(NestedProjects) = preSolution
		{3CA6AEE2-5164-42B7-BA27-EC9567F8D1C2} = {7EEB3045-A88A-43B1-9F8E-696662B1798B}
		{985FD97B-21D7-4491-94DF-D8B9C705D6FE} = {FFC36AE2-DE56-4B9D-972F-A2C84DB11C35}
		{452CAE47-CD1D-4F0C-B0AB-703D5B7EBF77} = {FFC36AE2-DE56-4B9D-972F-A2C84DB11C35}
		{2BED0223-63CD-4226-8581-D334F9EEC0AD} = {FFC36AE2-DE56-4B9D-972F-A2C84DB11C35}
		{7EEB3045-A88A-43B1-9F8E-696662B1798B} = {FFC36AE2-DE56-4B9D-972F-A2C84DB11C35}
		{CB58F991-CAC6-4C82-8529-ECA8D9280CED} = {452CAE47-CD1D-4F0C-B0AB-703D5B7EBF77}
		{D45BDA9B-816F-45F5-A30E-EDB5C0A8B2F2} = {452CAE47-CD1D-4F0C-B0AB-703D5B7EBF77}
		{FA0DF43B-F34B-4680-B65B-2B4FD6494CFF} = {985FD97B-21D7-4491-94DF-D8B9C705D6FE}
		{86C9EFFD-5C59-43B7-8C91-DD488EE6EA3E} = {2BED0223-63CD-4226-8581-D334F9EEC0AD}
		{FE4D3AEA-D447-4E0F-906C-19D25BF34005} = {2BED0223-63CD-4226-8581-D334F9EEC0AD}
		{33A3A5F5-6172-4EB0-84E3-DB4C3EE64A86} = {EEBCA706-8AC0-46EC-A5A6-18523009AC6A}
	EndGlobalSection
	GlobalSection(ExtensibilityGlobals) = postSolution
		SolutionGuid = {A8F5532E-CCB0-4FDC-A24A-F3A186CD787D}
	EndGlobalSection
EndGlobal
